// !$*UTF8*$!
{
	archiveVersion = 1;
	classes = {
	};
	objectVersion = 56;
	objects = {

/* Begin PBXBuildFile section */
		BE24A3EE2AAEE5C200BC3F0A /* Ext + String.swift in Sources */ = {isa = PBXBuildFile; fileRef = BE24A3ED2AAEE5C200BC3F0A /* Ext + String.swift */; };
		BE24A3F02AAEFC2700BC3F0A /* Ext + UIFont.swift in Sources */ = {isa = PBXBuildFile; fileRef = BE24A3EF2AAEFC2700BC3F0A /* Ext + UIFont.swift */; };
		BE24A3F42AAF370A00BC3F0A /* WriteType.swift in Sources */ = {isa = PBXBuildFile; fileRef = BE24A3F32AAF370A00BC3F0A /* WriteType.swift */; };
		BE24A3F62AAF376500BC3F0A /* TransitionStyle.swift in Sources */ = {isa = PBXBuildFile; fileRef = BE24A3F52AAF376500BC3F0A /* TransitionStyle.swift */; };
		BE6B5F4A2AAE078E00EB4339 /* RealmModel.swift in Sources */ = {isa = PBXBuildFile; fileRef = BE6B5F492AAE078E00EB4339 /* RealmModel.swift */; };
		BE6B5F4C2AAE084500EB4339 /* Pro + Realm.swift in Sources */ = {isa = PBXBuildFile; fileRef = BE6B5F4B2AAE084500EB4339 /* Pro + Realm.swift */; };
		BE6DD02F2AADF4B900511D5B /* Ext + UIButton.swift in Sources */ = {isa = PBXBuildFile; fileRef = BE6DD02E2AADF4B900511D5B /* Ext + UIButton.swift */; };
		BEA9FB262AA9C29000766CDA /* AppDelegate.swift in Sources */ = {isa = PBXBuildFile; fileRef = BEA9FB252AA9C29000766CDA /* AppDelegate.swift */; };
		BEA9FB282AA9C29000766CDA /* SceneDelegate.swift in Sources */ = {isa = PBXBuildFile; fileRef = BEA9FB272AA9C29000766CDA /* SceneDelegate.swift */; };
		BEA9FB2F2AA9C29100766CDA /* Assets.xcassets in Resources */ = {isa = PBXBuildFile; fileRef = BEA9FB2E2AA9C29100766CDA /* Assets.xcassets */; };
		BEA9FB432AA9C61F00766CDA /* SearchViewController.swift in Sources */ = {isa = PBXBuildFile; fileRef = BEA9FB422AA9C61F00766CDA /* SearchViewController.swift */; };
		BEA9FB452AA9C62A00766CDA /* ReusableMainView.swift in Sources */ = {isa = PBXBuildFile; fileRef = BEA9FB442AA9C62A00766CDA /* ReusableMainView.swift */; };
		BEA9FB512AA9C70E00766CDA /* LikeViewController.swift in Sources */ = {isa = PBXBuildFile; fileRef = BEA9FB502AA9C70E00766CDA /* LikeViewController.swift */; };
		BEA9FB532AA9C71400766CDA /* DetailViewController.swift in Sources */ = {isa = PBXBuildFile; fileRef = BEA9FB522AA9C71400766CDA /* DetailViewController.swift */; };
		BEA9FB572AA9C72E00766CDA /* APIkey.swift in Sources */ = {isa = PBXBuildFile; fileRef = BEA9FB562AA9C72E00766CDA /* APIkey.swift */; };
		BEA9FB592AA9C79700766CDA /* APIManager.swift in Sources */ = {isa = PBXBuildFile; fileRef = BEA9FB582AA9C79700766CDA /* APIManager.swift */; };
		BEA9FB5C2AA9C86900766CDA /* Realm in Frameworks */ = {isa = PBXBuildFile; productRef = BEA9FB5B2AA9C86900766CDA /* Realm */; };
		BEA9FB5E2AA9C86900766CDA /* RealmSwift in Frameworks */ = {isa = PBXBuildFile; productRef = BEA9FB5D2AA9C86900766CDA /* RealmSwift */; };
		BEA9FB662AA9C87E00766CDA /* Alamofire in Frameworks */ = {isa = PBXBuildFile; productRef = BEA9FB652AA9C87E00766CDA /* Alamofire */; };
		BEA9FB6E2AA9CA3100766CDA /* SnapKit in Frameworks */ = {isa = PBXBuildFile; productRef = BEA9FB6D2AA9CA3100766CDA /* SnapKit */; };
		BEA9FB712AA9CF2500766CDA /* SortType.swift in Sources */ = {isa = PBXBuildFile; fileRef = BEA9FB702AA9CF2500766CDA /* SortType.swift */; };
		BEA9FB752AA9D1C500766CDA /* Model.swift in Sources */ = {isa = PBXBuildFile; fileRef = BEA9FB742AA9D1C500766CDA /* Model.swift */; };
		BEA9FB792AAA16A700766CDA /* BaseView.swift in Sources */ = {isa = PBXBuildFile; fileRef = BEA9FB782AAA16A700766CDA /* BaseView.swift */; };
		BEA9FB7B2AAA16BB00766CDA /* BaseViewController.swift in Sources */ = {isa = PBXBuildFile; fileRef = BEA9FB7A2AAA16BB00766CDA /* BaseViewController.swift */; };
		BEA9FB7D2AAA16C000766CDA /* BaseCollectionViewCell.swift in Sources */ = {isa = PBXBuildFile; fileRef = BEA9FB7C2AAA16C000766CDA /* BaseCollectionViewCell.swift */; };
		BEA9FB822AAA18D900766CDA /* ReusableCollectionViewCell.swift in Sources */ = {isa = PBXBuildFile; fileRef = BEA9FB812AAA18D900766CDA /* ReusableCollectionViewCell.swift */; };
		BEA9FB842AAA196D00766CDA /* Ext + UIViewController.swift in Sources */ = {isa = PBXBuildFile; fileRef = BEA9FB832AAA196D00766CDA /* Ext + UIViewController.swift */; };
		BEA9FB862AAA19D500766CDA /* Pro + ReusableIDF.swift in Sources */ = {isa = PBXBuildFile; fileRef = BEA9FB852AAA19D500766CDA /* Pro + ReusableIDF.swift */; };
		BEA9FB882AAA1A7000766CDA /* Ext + UIView.swift in Sources */ = {isa = PBXBuildFile; fileRef = BEA9FB872AAA1A7000766CDA /* Ext + UIView.swift */; };
		BEA9FB932AAA20EC00766CDA /* Constant.swift in Sources */ = {isa = PBXBuildFile; fileRef = BEA9FB922AAA20EC00766CDA /* Constant.swift */; };
		BEA9FB9B2AAA440E00766CDA /* TabBarViewController.swift in Sources */ = {isa = PBXBuildFile; fileRef = BEA9FB9A2AAA440E00766CDA /* TabBarViewController.swift */; };
		BEA9FBA72AAB04A700766CDA /* StringHelper.swift in Sources */ = {isa = PBXBuildFile; fileRef = BEA9FBA62AAB04A700766CDA /* StringHelper.swift */; };
/* End PBXBuildFile section */

/* Begin PBXFileReference section */
		BE24A3ED2AAEE5C200BC3F0A /* Ext + String.swift */ = {isa = PBXFileReference; lastKnownFileType = sourcecode.swift; path = "Ext + String.swift"; sourceTree = "<group>"; };
		BE24A3EF2AAEFC2700BC3F0A /* Ext + UIFont.swift */ = {isa = PBXFileReference; lastKnownFileType = sourcecode.swift; path = "Ext + UIFont.swift"; sourceTree = "<group>"; };
		BE24A3F32AAF370A00BC3F0A /* WriteType.swift */ = {isa = PBXFileReference; lastKnownFileType = sourcecode.swift; path = WriteType.swift; sourceTree = "<group>"; };
		BE24A3F52AAF376500BC3F0A /* TransitionStyle.swift */ = {isa = PBXFileReference; lastKnownFileType = sourcecode.swift; path = TransitionStyle.swift; sourceTree = "<group>"; };
		BE6B5F492AAE078E00EB4339 /* RealmModel.swift */ = {isa = PBXFileReference; lastKnownFileType = sourcecode.swift; path = RealmModel.swift; sourceTree = "<group>"; };
		BE6B5F4B2AAE084500EB4339 /* Pro + Realm.swift */ = {isa = PBXFileReference; lastKnownFileType = sourcecode.swift; path = "Pro + Realm.swift"; sourceTree = "<group>"; };
		BE6DD02E2AADF4B900511D5B /* Ext + UIButton.swift */ = {isa = PBXFileReference; lastKnownFileType = sourcecode.swift; path = "Ext + UIButton.swift"; sourceTree = "<group>"; };
		BEA9FB222AA9C29000766CDA /* SecondRecap.app */ = {isa = PBXFileReference; explicitFileType = wrapper.application; includeInIndex = 0; path = SecondRecap.app; sourceTree = BUILT_PRODUCTS_DIR; };
		BEA9FB252AA9C29000766CDA /* AppDelegate.swift */ = {isa = PBXFileReference; lastKnownFileType = sourcecode.swift; path = AppDelegate.swift; sourceTree = "<group>"; };
		BEA9FB272AA9C29000766CDA /* SceneDelegate.swift */ = {isa = PBXFileReference; lastKnownFileType = sourcecode.swift; path = SceneDelegate.swift; sourceTree = "<group>"; };
		BEA9FB2E2AA9C29100766CDA /* Assets.xcassets */ = {isa = PBXFileReference; lastKnownFileType = folder.assetcatalog; path = Assets.xcassets; sourceTree = "<group>"; };
		BEA9FB332AA9C29100766CDA /* Info.plist */ = {isa = PBXFileReference; lastKnownFileType = text.plist.xml; path = Info.plist; sourceTree = "<group>"; };
		BEA9FB422AA9C61F00766CDA /* SearchViewController.swift */ = {isa = PBXFileReference; lastKnownFileType = sourcecode.swift; path = SearchViewController.swift; sourceTree = "<group>"; };
		BEA9FB442AA9C62A00766CDA /* ReusableMainView.swift */ = {isa = PBXFileReference; lastKnownFileType = sourcecode.swift; path = ReusableMainView.swift; sourceTree = "<group>"; };
		BEA9FB502AA9C70E00766CDA /* LikeViewController.swift */ = {isa = PBXFileReference; lastKnownFileType = sourcecode.swift; path = LikeViewController.swift; sourceTree = "<group>"; };
		BEA9FB522AA9C71400766CDA /* DetailViewController.swift */ = {isa = PBXFileReference; lastKnownFileType = sourcecode.swift; path = DetailViewController.swift; sourceTree = "<group>"; };
		BEA9FB562AA9C72E00766CDA /* APIkey.swift */ = {isa = PBXFileReference; lastKnownFileType = sourcecode.swift; path = APIkey.swift; sourceTree = "<group>"; };
		BEA9FB582AA9C79700766CDA /* APIManager.swift */ = {isa = PBXFileReference; lastKnownFileType = sourcecode.swift; path = APIManager.swift; sourceTree = "<group>"; };
		BEA9FB702AA9CF2500766CDA /* SortType.swift */ = {isa = PBXFileReference; lastKnownFileType = sourcecode.swift; path = SortType.swift; sourceTree = "<group>"; };
		BEA9FB742AA9D1C500766CDA /* Model.swift */ = {isa = PBXFileReference; lastKnownFileType = sourcecode.swift; path = Model.swift; sourceTree = "<group>"; };
		BEA9FB782AAA16A700766CDA /* BaseView.swift */ = {isa = PBXFileReference; lastKnownFileType = sourcecode.swift; path = BaseView.swift; sourceTree = "<group>"; };
		BEA9FB7A2AAA16BB00766CDA /* BaseViewController.swift */ = {isa = PBXFileReference; lastKnownFileType = sourcecode.swift; path = BaseViewController.swift; sourceTree = "<group>"; };
		BEA9FB7C2AAA16C000766CDA /* BaseCollectionViewCell.swift */ = {isa = PBXFileReference; lastKnownFileType = sourcecode.swift; path = BaseCollectionViewCell.swift; sourceTree = "<group>"; };
		BEA9FB812AAA18D900766CDA /* ReusableCollectionViewCell.swift */ = {isa = PBXFileReference; lastKnownFileType = sourcecode.swift; path = ReusableCollectionViewCell.swift; sourceTree = "<group>"; };
		BEA9FB832AAA196D00766CDA /* Ext + UIViewController.swift */ = {isa = PBXFileReference; lastKnownFileType = sourcecode.swift; path = "Ext + UIViewController.swift"; sourceTree = "<group>"; };
		BEA9FB852AAA19D500766CDA /* Pro + ReusableIDF.swift */ = {isa = PBXFileReference; lastKnownFileType = sourcecode.swift; path = "Pro + ReusableIDF.swift"; sourceTree = "<group>"; };
		BEA9FB872AAA1A7000766CDA /* Ext + UIView.swift */ = {isa = PBXFileReference; lastKnownFileType = sourcecode.swift; path = "Ext + UIView.swift"; sourceTree = "<group>"; };
		BEA9FB922AAA20EC00766CDA /* Constant.swift */ = {isa = PBXFileReference; lastKnownFileType = sourcecode.swift; path = Constant.swift; sourceTree = "<group>"; };
		BEA9FB9A2AAA440E00766CDA /* TabBarViewController.swift */ = {isa = PBXFileReference; lastKnownFileType = sourcecode.swift; path = TabBarViewController.swift; sourceTree = "<group>"; };
		BEA9FBA62AAB04A700766CDA /* StringHelper.swift */ = {isa = PBXFileReference; lastKnownFileType = sourcecode.swift; path = StringHelper.swift; sourceTree = "<group>"; };
/* End PBXFileReference section */

/* Begin PBXFrameworksBuildPhase section */
		BEA9FB1F2AA9C29000766CDA /* Frameworks */ = {
			isa = PBXFrameworksBuildPhase;
			buildActionMask = 2147483647;
			files = (
				BEA9FB662AA9C87E00766CDA /* Alamofire in Frameworks */,
				BEA9FB6E2AA9CA3100766CDA /* SnapKit in Frameworks */,
				BEA9FB5E2AA9C86900766CDA /* RealmSwift in Frameworks */,
				BEA9FB5C2AA9C86900766CDA /* Realm in Frameworks */,
			);
			runOnlyForDeploymentPostprocessing = 0;
		};
/* End PBXFrameworksBuildPhase section */

/* Begin PBXGroup section */
		BE24A3F72AAF37DD00BC3F0A /* Reusable */ = {
			isa = PBXGroup;
			children = (
				BEA9FB442AA9C62A00766CDA /* ReusableMainView.swift */,
				BEA9FB812AAA18D900766CDA /* ReusableCollectionViewCell.swift */,
			);
			path = Reusable;
			sourceTree = "<group>";
		};
		BEA9FB192AA9C29000766CDA = {
			isa = PBXGroup;
			children = (
				BEA9FB3A2AA9C2A100766CDA /* Resource */,
				BEA9FB392AA9C29400766CDA /* Source */,
				BEA9FB3D2AA9C2A600766CDA /* Data */,
				BEA9FB232AA9C29000766CDA /* Products */,
			);
			sourceTree = "<group>";
		};
		BEA9FB232AA9C29000766CDA /* Products */ = {
			isa = PBXGroup;
			children = (
				BEA9FB222AA9C29000766CDA /* SecondRecap.app */,
			);
			name = Products;
			sourceTree = "<group>";
		};
		BEA9FB392AA9C29400766CDA /* Source */ = {
			isa = PBXGroup;
			children = (
				BEA9FB3C2AA9C2A400766CDA /* Application */,
				BEA9FB3B2AA9C2A200766CDA /* Presenter */,
			);
			path = Source;
			sourceTree = "<group>";
		};
		BEA9FB3A2AA9C2A100766CDA /* Resource */ = {
			isa = PBXGroup;
			children = (
				BEA9FB2E2AA9C29100766CDA /* Assets.xcassets */,
			);
			path = Resource;
			sourceTree = "<group>";
		};
		BEA9FB3B2AA9C2A200766CDA /* Presenter */ = {
			isa = PBXGroup;
			children = (
				BEA9FB3E2AA9C2C400766CDA /* Global */,
				BEA9FB972AAA43F400766CDA /* TabBar */,
				BE24A3F72AAF37DD00BC3F0A /* Reusable */,
				BEA9FB3F2AA9C2E600766CDA /* Search */,
				BEA9FB402AA9C2F800766CDA /* Like */,
				BEA9FB412AA9C30A00766CDA /* Detail */,
			);
			path = Presenter;
			sourceTree = "<group>";
		};
		BEA9FB3C2AA9C2A400766CDA /* Application */ = {
			isa = PBXGroup;
			children = (
				BEA9FB332AA9C29100766CDA /* Info.plist */,
				BEA9FB252AA9C29000766CDA /* AppDelegate.swift */,
				BEA9FB272AA9C29000766CDA /* SceneDelegate.swift */,
			);
			path = Application;
			sourceTree = "<group>";
		};
		BEA9FB3D2AA9C2A600766CDA /* Data */ = {
			isa = PBXGroup;
			children = (
				BEA9FB4B2AA9C6A700766CDA /* Model */,
				BEA9FB4A2AA9C6A100766CDA /* Network */,
			);
			path = Data;
			sourceTree = "<group>";
		};
		BEA9FB3E2AA9C2C400766CDA /* Global */ = {
			isa = PBXGroup;
			children = (
				BEA9FB6F2AA9CF0E00766CDA /* Enum */,
				BEA9FB462AA9C65600766CDA /* Base */,
				BEA9FB482AA9C68A00766CDA /* Extension */,
				BEA9FB4D2AA9C6E400766CDA /* Protocol */,
				BEA9FB472AA9C66900766CDA /* Constant */,
				BEA9FBA52AAB049100766CDA /* StringHelper */,
			);
			path = Global;
			sourceTree = "<group>";
		};
		BEA9FB3F2AA9C2E600766CDA /* Search */ = {
			isa = PBXGroup;
			children = (
				BEA9FB422AA9C61F00766CDA /* SearchViewController.swift */,
			);
			path = Search;
			sourceTree = "<group>";
		};
		BEA9FB402AA9C2F800766CDA /* Like */ = {
			isa = PBXGroup;
			children = (
				BEA9FB502AA9C70E00766CDA /* LikeViewController.swift */,
			);
			path = Like;
			sourceTree = "<group>";
		};
		BEA9FB412AA9C30A00766CDA /* Detail */ = {
			isa = PBXGroup;
			children = (
				BEA9FB522AA9C71400766CDA /* DetailViewController.swift */,
			);
			path = Detail;
			sourceTree = "<group>";
		};
		BEA9FB462AA9C65600766CDA /* Base */ = {
			isa = PBXGroup;
			children = (
				BEA9FB782AAA16A700766CDA /* BaseView.swift */,
				BEA9FB7A2AAA16BB00766CDA /* BaseViewController.swift */,
				BEA9FB7C2AAA16C000766CDA /* BaseCollectionViewCell.swift */,
			);
			path = Base;
			sourceTree = "<group>";
		};
		BEA9FB472AA9C66900766CDA /* Constant */ = {
			isa = PBXGroup;
			children = (
				BEA9FB922AAA20EC00766CDA /* Constant.swift */,
			);
			path = Constant;
			sourceTree = "<group>";
		};
		BEA9FB482AA9C68A00766CDA /* Extension */ = {
			isa = PBXGroup;
			children = (
				BEA9FB832AAA196D00766CDA /* Ext + UIViewController.swift */,
				BEA9FB872AAA1A7000766CDA /* Ext + UIView.swift */,
				BE6DD02E2AADF4B900511D5B /* Ext + UIButton.swift */,
				BE24A3ED2AAEE5C200BC3F0A /* Ext + String.swift */,
				BE24A3EF2AAEFC2700BC3F0A /* Ext + UIFont.swift */,
			);
			path = Extension;
			sourceTree = "<group>";
		};
		BEA9FB4A2AA9C6A100766CDA /* Network */ = {
			isa = PBXGroup;
			children = (
				BEA9FB562AA9C72E00766CDA /* APIkey.swift */,
				BEA9FB582AA9C79700766CDA /* APIManager.swift */,
			);
			path = Network;
			sourceTree = "<group>";
		};
		BEA9FB4B2AA9C6A700766CDA /* Model */ = {
			isa = PBXGroup;
			children = (
				BEA9FB742AA9D1C500766CDA /* Model.swift */,
				BE6B5F492AAE078E00EB4339 /* RealmModel.swift */,
			);
			path = Model;
			sourceTree = "<group>";
		};
		BEA9FB4D2AA9C6E400766CDA /* Protocol */ = {
			isa = PBXGroup;
			children = (
				BEA9FB852AAA19D500766CDA /* Pro + ReusableIDF.swift */,
				BE6B5F4B2AAE084500EB4339 /* Pro + Realm.swift */,
			);
			path = Protocol;
			sourceTree = "<group>";
		};
		BEA9FB6F2AA9CF0E00766CDA /* Enum */ = {
			isa = PBXGroup;
			children = (
				BEA9FB702AA9CF2500766CDA /* SortType.swift */,
				BE24A3F32AAF370A00BC3F0A /* WriteType.swift */,
				BE24A3F52AAF376500BC3F0A /* TransitionStyle.swift */,
			);
			path = Enum;
			sourceTree = "<group>";
		};
		BEA9FB972AAA43F400766CDA /* TabBar */ = {
			isa = PBXGroup;
			children = (
				BEA9FB9A2AAA440E00766CDA /* TabBarViewController.swift */,
			);
			path = TabBar;
			sourceTree = "<group>";
		};
		BEA9FBA52AAB049100766CDA /* StringHelper */ = {
			isa = PBXGroup;
			children = (
				BEA9FBA62AAB04A700766CDA /* StringHelper.swift */,
			);
			path = StringHelper;
			sourceTree = "<group>";
		};
/* End PBXGroup section */

/* Begin PBXNativeTarget section */
		BEA9FB212AA9C29000766CDA /* SecondRecap */ = {
			isa = PBXNativeTarget;
			buildConfigurationList = BEA9FB362AA9C29100766CDA /* Build configuration list for PBXNativeTarget "SecondRecap" */;
			buildPhases = (
				BEA9FB1E2AA9C29000766CDA /* Sources */,
				BEA9FB1F2AA9C29000766CDA /* Frameworks */,
				BEA9FB202AA9C29000766CDA /* Resources */,
			);
			buildRules = (
			);
			dependencies = (
			);
			name = SecondRecap;
			packageProductDependencies = (
				BEA9FB5B2AA9C86900766CDA /* Realm */,
				BEA9FB5D2AA9C86900766CDA /* RealmSwift */,
				BEA9FB652AA9C87E00766CDA /* Alamofire */,
				BEA9FB6D2AA9CA3100766CDA /* SnapKit */,
			);
			productName = SecondRecap;
			productReference = BEA9FB222AA9C29000766CDA /* SecondRecap.app */;
			productType = "com.apple.product-type.application";
		};
/* End PBXNativeTarget section */

/* Begin PBXProject section */
		BEA9FB1A2AA9C29000766CDA /* Project object */ = {
			isa = PBXProject;
			attributes = {
				BuildIndependentTargetsInParallel = 1;
				LastSwiftUpdateCheck = 1430;
				LastUpgradeCheck = 1430;
				TargetAttributes = {
					BEA9FB212AA9C29000766CDA = {
						CreatedOnToolsVersion = 14.3.1;
					};
				};
			};
			buildConfigurationList = BEA9FB1D2AA9C29000766CDA /* Build configuration list for PBXProject "SecondRecap" */;
			compatibilityVersion = "Xcode 14.0";
			developmentRegion = en;
			hasScannedForEncodings = 0;
			knownRegions = (
				en,
				Base,
			);
			mainGroup = BEA9FB192AA9C29000766CDA;
			packageReferences = (
				BEA9FB5A2AA9C86900766CDA /* XCRemoteSwiftPackageReference "realm-swift" */,
				BEA9FB642AA9C87E00766CDA /* XCRemoteSwiftPackageReference "Alamofire" */,
				BEA9FB6C2AA9CA3100766CDA /* XCRemoteSwiftPackageReference "SnapKit" */,
			);
			productRefGroup = BEA9FB232AA9C29000766CDA /* Products */;
			projectDirPath = "";
			projectRoot = "";
			targets = (
				BEA9FB212AA9C29000766CDA /* SecondRecap */,
			);
		};
/* End PBXProject section */

/* Begin PBXResourcesBuildPhase section */
		BEA9FB202AA9C29000766CDA /* Resources */ = {
			isa = PBXResourcesBuildPhase;
			buildActionMask = 2147483647;
			files = (
				BEA9FB2F2AA9C29100766CDA /* Assets.xcassets in Resources */,
			);
			runOnlyForDeploymentPostprocessing = 0;
		};
/* End PBXResourcesBuildPhase section */

/* Begin PBXSourcesBuildPhase section */
		BEA9FB1E2AA9C29000766CDA /* Sources */ = {
			isa = PBXSourcesBuildPhase;
			buildActionMask = 2147483647;
			files = (
				BEA9FB452AA9C62A00766CDA /* ReusableMainView.swift in Sources */,
				BEA9FB862AAA19D500766CDA /* Pro + ReusableIDF.swift in Sources */,
				BEA9FB9B2AAA440E00766CDA /* TabBarViewController.swift in Sources */,
				BEA9FB792AAA16A700766CDA /* BaseView.swift in Sources */,
				BE24A3F62AAF376500BC3F0A /* TransitionStyle.swift in Sources */,
				BEA9FB572AA9C72E00766CDA /* APIkey.swift in Sources */,
				BEA9FB592AA9C79700766CDA /* APIManager.swift in Sources */,
				BEA9FB882AAA1A7000766CDA /* Ext + UIView.swift in Sources */,
				BEA9FB752AA9D1C500766CDA /* Model.swift in Sources */,
				BEA9FB7B2AAA16BB00766CDA /* BaseViewController.swift in Sources */,
				BE6B5F4C2AAE084500EB4339 /* Pro + Realm.swift in Sources */,
				BE6DD02F2AADF4B900511D5B /* Ext + UIButton.swift in Sources */,
				BEA9FB432AA9C61F00766CDA /* SearchViewController.swift in Sources */,
				BE24A3EE2AAEE5C200BC3F0A /* Ext + String.swift in Sources */,
				BEA9FB712AA9CF2500766CDA /* SortType.swift in Sources */,
				BEA9FB262AA9C29000766CDA /* AppDelegate.swift in Sources */,
				BEA9FB932AAA20EC00766CDA /* Constant.swift in Sources */,
				BEA9FBA72AAB04A700766CDA /* StringHelper.swift in Sources */,
				BEA9FB282AA9C29000766CDA /* SceneDelegate.swift in Sources */,
				BEA9FB512AA9C70E00766CDA /* LikeViewController.swift in Sources */,
				BEA9FB7D2AAA16C000766CDA /* BaseCollectionViewCell.swift in Sources */,
				BEA9FB532AA9C71400766CDA /* DetailViewController.swift in Sources */,
				BEA9FB842AAA196D00766CDA /* Ext + UIViewController.swift in Sources */,
				BE24A3F42AAF370A00BC3F0A /* WriteType.swift in Sources */,
				BE24A3F02AAEFC2700BC3F0A /* Ext + UIFont.swift in Sources */,
				BEA9FB822AAA18D900766CDA /* ReusableCollectionViewCell.swift in Sources */,
				BE6B5F4A2AAE078E00EB4339 /* RealmModel.swift in Sources */,
			);
			runOnlyForDeploymentPostprocessing = 0;
		};
/* End PBXSourcesBuildPhase section */

/* Begin XCBuildConfiguration section */
		BEA9FB342AA9C29100766CDA /* Debug */ = {
			isa = XCBuildConfiguration;
			buildSettings = {
				ALWAYS_SEARCH_USER_PATHS = NO;
				CLANG_ANALYZER_NONNULL = YES;
				CLANG_ANALYZER_NUMBER_OBJECT_CONVERSION = YES_AGGRESSIVE;
				CLANG_CXX_LANGUAGE_STANDARD = "gnu++20";
				CLANG_ENABLE_MODULES = YES;
				CLANG_ENABLE_OBJC_ARC = YES;
				CLANG_ENABLE_OBJC_WEAK = YES;
				CLANG_WARN_BLOCK_CAPTURE_AUTORELEASING = YES;
				CLANG_WARN_BOOL_CONVERSION = YES;
				CLANG_WARN_COMMA = YES;
				CLANG_WARN_CONSTANT_CONVERSION = YES;
				CLANG_WARN_DEPRECATED_OBJC_IMPLEMENTATIONS = YES;
				CLANG_WARN_DIRECT_OBJC_ISA_USAGE = YES_ERROR;
				CLANG_WARN_DOCUMENTATION_COMMENTS = YES;
				CLANG_WARN_EMPTY_BODY = YES;
				CLANG_WARN_ENUM_CONVERSION = YES;
				CLANG_WARN_INFINITE_RECURSION = YES;
				CLANG_WARN_INT_CONVERSION = YES;
				CLANG_WARN_NON_LITERAL_NULL_CONVERSION = YES;
				CLANG_WARN_OBJC_IMPLICIT_RETAIN_SELF = YES;
				CLANG_WARN_OBJC_LITERAL_CONVERSION = YES;
				CLANG_WARN_OBJC_ROOT_CLASS = YES_ERROR;
				CLANG_WARN_QUOTED_INCLUDE_IN_FRAMEWORK_HEADER = YES;
				CLANG_WARN_RANGE_LOOP_ANALYSIS = YES;
				CLANG_WARN_STRICT_PROTOTYPES = YES;
				CLANG_WARN_SUSPICIOUS_MOVE = YES;
				CLANG_WARN_UNGUARDED_AVAILABILITY = YES_AGGRESSIVE;
				CLANG_WARN_UNREACHABLE_CODE = YES;
				CLANG_WARN__DUPLICATE_METHOD_MATCH = YES;
				COPY_PHASE_STRIP = NO;
				DEBUG_INFORMATION_FORMAT = dwarf;
				ENABLE_STRICT_OBJC_MSGSEND = YES;
				ENABLE_TESTABILITY = YES;
				GCC_C_LANGUAGE_STANDARD = gnu11;
				GCC_DYNAMIC_NO_PIC = NO;
				GCC_NO_COMMON_BLOCKS = YES;
				GCC_OPTIMIZATION_LEVEL = 0;
				GCC_PREPROCESSOR_DEFINITIONS = (
					"DEBUG=1",
					"$(inherited)",
				);
				GCC_WARN_64_TO_32_BIT_CONVERSION = YES;
				GCC_WARN_ABOUT_RETURN_TYPE = YES_ERROR;
				GCC_WARN_UNDECLARED_SELECTOR = YES;
				GCC_WARN_UNINITIALIZED_AUTOS = YES_AGGRESSIVE;
				GCC_WARN_UNUSED_FUNCTION = YES;
				GCC_WARN_UNUSED_VARIABLE = YES;
				IPHONEOS_DEPLOYMENT_TARGET = 16.4;
				MTL_ENABLE_DEBUG_INFO = INCLUDE_SOURCE;
				MTL_FAST_MATH = YES;
				ONLY_ACTIVE_ARCH = YES;
				SDKROOT = iphoneos;
				SWIFT_ACTIVE_COMPILATION_CONDITIONS = DEBUG;
				SWIFT_OPTIMIZATION_LEVEL = "-Onone";
			};
			name = Debug;
		};
		BEA9FB352AA9C29100766CDA /* Release */ = {
			isa = XCBuildConfiguration;
			buildSettings = {
				ALWAYS_SEARCH_USER_PATHS = NO;
				CLANG_ANALYZER_NONNULL = YES;
				CLANG_ANALYZER_NUMBER_OBJECT_CONVERSION = YES_AGGRESSIVE;
				CLANG_CXX_LANGUAGE_STANDARD = "gnu++20";
				CLANG_ENABLE_MODULES = YES;
				CLANG_ENABLE_OBJC_ARC = YES;
				CLANG_ENABLE_OBJC_WEAK = YES;
				CLANG_WARN_BLOCK_CAPTURE_AUTORELEASING = YES;
				CLANG_WARN_BOOL_CONVERSION = YES;
				CLANG_WARN_COMMA = YES;
				CLANG_WARN_CONSTANT_CONVERSION = YES;
				CLANG_WARN_DEPRECATED_OBJC_IMPLEMENTATIONS = YES;
				CLANG_WARN_DIRECT_OBJC_ISA_USAGE = YES_ERROR;
				CLANG_WARN_DOCUMENTATION_COMMENTS = YES;
				CLANG_WARN_EMPTY_BODY = YES;
				CLANG_WARN_ENUM_CONVERSION = YES;
				CLANG_WARN_INFINITE_RECURSION = YES;
				CLANG_WARN_INT_CONVERSION = YES;
				CLANG_WARN_NON_LITERAL_NULL_CONVERSION = YES;
				CLANG_WARN_OBJC_IMPLICIT_RETAIN_SELF = YES;
				CLANG_WARN_OBJC_LITERAL_CONVERSION = YES;
				CLANG_WARN_OBJC_ROOT_CLASS = YES_ERROR;
				CLANG_WARN_QUOTED_INCLUDE_IN_FRAMEWORK_HEADER = YES;
				CLANG_WARN_RANGE_LOOP_ANALYSIS = YES;
				CLANG_WARN_STRICT_PROTOTYPES = YES;
				CLANG_WARN_SUSPICIOUS_MOVE = YES;
				CLANG_WARN_UNGUARDED_AVAILABILITY = YES_AGGRESSIVE;
				CLANG_WARN_UNREACHABLE_CODE = YES;
				CLANG_WARN__DUPLICATE_METHOD_MATCH = YES;
				COPY_PHASE_STRIP = NO;
				DEBUG_INFORMATION_FORMAT = "dwarf-with-dsym";
				ENABLE_NS_ASSERTIONS = NO;
				ENABLE_STRICT_OBJC_MSGSEND = YES;
				GCC_C_LANGUAGE_STANDARD = gnu11;
				GCC_NO_COMMON_BLOCKS = YES;
				GCC_WARN_64_TO_32_BIT_CONVERSION = YES;
				GCC_WARN_ABOUT_RETURN_TYPE = YES_ERROR;
				GCC_WARN_UNDECLARED_SELECTOR = YES;
				GCC_WARN_UNINITIALIZED_AUTOS = YES_AGGRESSIVE;
				GCC_WARN_UNUSED_FUNCTION = YES;
				GCC_WARN_UNUSED_VARIABLE = YES;
				IPHONEOS_DEPLOYMENT_TARGET = 16.4;
				MTL_ENABLE_DEBUG_INFO = NO;
				MTL_FAST_MATH = YES;
				SDKROOT = iphoneos;
				SWIFT_COMPILATION_MODE = wholemodule;
				SWIFT_OPTIMIZATION_LEVEL = "-O";
				VALIDATE_PRODUCT = YES;
			};
			name = Release;
		};
		BEA9FB372AA9C29100766CDA /* Debug */ = {
			isa = XCBuildConfiguration;
			buildSettings = {
				ASSETCATALOG_COMPILER_APPICON_NAME = AppIcon;
				ASSETCATALOG_COMPILER_GLOBAL_ACCENT_COLOR_NAME = AccentColor;
				CODE_SIGN_STYLE = Automatic;
				CURRENT_PROJECT_VERSION = 1;
				DEVELOPMENT_TEAM = 7HDHR2SNR7;
				GENERATE_INFOPLIST_FILE = YES;
				INFOPLIST_FILE = /Users/dongwanryoo/SecondRecap/Source/Application/Info.plist;
				INFOPLIST_KEY_CFBundleDisplayName = "류동완";
				INFOPLIST_KEY_UIApplicationSupportsIndirectInputEvents = YES;
				INFOPLIST_KEY_UILaunchStoryboardName = LaunchScreen;
				INFOPLIST_KEY_UISupportedInterfaceOrientations = UIInterfaceOrientationPortrait;
				INFOPLIST_KEY_UISupportedInterfaceOrientations_iPad = "UIInterfaceOrientationLandscapeLeft UIInterfaceOrientationLandscapeRight UIInterfaceOrientationPortrait UIInterfaceOrientationPortraitUpsideDown";
				IPHONEOS_DEPLOYMENT_TARGET = 13.0;
				LD_RUNPATH_SEARCH_PATHS = (
					"$(inherited)",
					"@executable_path/Frameworks",
				);
				MARKETING_VERSION = 1.0;
				PRODUCT_BUNDLE_IDENTIFIER = com.SecondRecap;
				PRODUCT_NAME = "$(TARGET_NAME)";
				SUPPORTED_PLATFORMS = "iphoneos iphonesimulator";
				SUPPORTS_MACCATALYST = NO;
				SUPPORTS_MAC_DESIGNED_FOR_IPHONE_IPAD = NO;
				SWIFT_EMIT_LOC_STRINGS = YES;
				SWIFT_VERSION = 5.0;
				TARGETED_DEVICE_FAMILY = 1;
			};
			name = Debug;
		};
		BEA9FB382AA9C29100766CDA /* Release */ = {
			isa = XCBuildConfiguration;
			buildSettings = {
				ASSETCATALOG_COMPILER_APPICON_NAME = AppIcon;
				ASSETCATALOG_COMPILER_GLOBAL_ACCENT_COLOR_NAME = AccentColor;
				CODE_SIGN_STYLE = Automatic;
				CURRENT_PROJECT_VERSION = 1;
				DEVELOPMENT_TEAM = 7HDHR2SNR7;
				GENERATE_INFOPLIST_FILE = YES;
				INFOPLIST_FILE = /Users/dongwanryoo/SecondRecap/Source/Application/Info.plist;
				INFOPLIST_KEY_CFBundleDisplayName = "류동완";
				INFOPLIST_KEY_UIApplicationSupportsIndirectInputEvents = YES;
				INFOPLIST_KEY_UILaunchStoryboardName = LaunchScreen;
				INFOPLIST_KEY_UISupportedInterfaceOrientations = UIInterfaceOrientationPortrait;
				INFOPLIST_KEY_UISupportedInterfaceOrientations_iPad = "UIInterfaceOrientationLandscapeLeft UIInterfaceOrientationLandscapeRight UIInterfaceOrientationPortrait UIInterfaceOrientationPortraitUpsideDown";
				IPHONEOS_DEPLOYMENT_TARGET = 13.0;
				LD_RUNPATH_SEARCH_PATHS = (
					"$(inherited)",
					"@executable_path/Frameworks",
				);
				MARKETING_VERSION = 1.0;
				PRODUCT_BUNDLE_IDENTIFIER = com.SecondRecap;
				PRODUCT_NAME = "$(TARGET_NAME)";
				SUPPORTED_PLATFORMS = "iphoneos iphonesimulator";
				SUPPORTS_MACCATALYST = NO;
				SUPPORTS_MAC_DESIGNED_FOR_IPHONE_IPAD = NO;
				SWIFT_EMIT_LOC_STRINGS = YES;
				SWIFT_VERSION = 5.0;
				TARGETED_DEVICE_FAMILY = 1;
			};
			name = Release;
		};
/* End XCBuildConfiguration section */

/* Begin XCConfigurationList section */
		BEA9FB1D2AA9C29000766CDA /* Build configuration list for PBXProject "SecondRecap" */ = {
			isa = XCConfigurationList;
			buildConfigurations = (
				BEA9FB342AA9C29100766CDA /* Debug */,
				BEA9FB352AA9C29100766CDA /* Release */,
			);
			defaultConfigurationIsVisible = 0;
			defaultConfigurationName = Release;
		};
		BEA9FB362AA9C29100766CDA /* Build configuration list for PBXNativeTarget "SecondRecap" */ = {
			isa = XCConfigurationList;
			buildConfigurations = (
				BEA9FB372AA9C29100766CDA /* Debug */,
				BEA9FB382AA9C29100766CDA /* Release */,
			);
			defaultConfigurationIsVisible = 0;
			defaultConfigurationName = Release;
		};
/* End XCConfigurationList section */

/* Begin XCRemoteSwiftPackageReference section */
		BEA9FB5A2AA9C86900766CDA /* XCRemoteSwiftPackageReference "realm-swift" */ = {
			isa = XCRemoteSwiftPackageReference;
			repositoryURL = "https://github.com/realm/realm-swift.git";
			requirement = {
				kind = exactVersion;
				version = 10.40.0;
			};
		};
		BEA9FB642AA9C87E00766CDA /* XCRemoteSwiftPackageReference "Alamofire" */ = {
			isa = XCRemoteSwiftPackageReference;
			repositoryURL = "https://github.com/Alamofire/Alamofire";
			requirement = {
				kind = upToNextMajorVersion;
				minimumVersion = 5.0.0;
			};
		};
		BEA9FB6C2AA9CA3100766CDA /* XCRemoteSwiftPackageReference "SnapKit" */ = {
			isa = XCRemoteSwiftPackageReference;
			repositoryURL = "https://github.com/SnapKit/SnapKit.git";
			requirement = {
				kind = upToNextMajorVersion;
				minimumVersion = 5.0.0;
			};
		};
/* End XCRemoteSwiftPackageReference section */

/* Begin XCSwiftPackageProductDependency section */
		BEA9FB5B2AA9C86900766CDA /* Realm */ = {
			isa = XCSwiftPackageProductDependency;
			package = BEA9FB5A2AA9C86900766CDA /* XCRemoteSwiftPackageReference "realm-swift" */;
			productName = Realm;
		};
		BEA9FB5D2AA9C86900766CDA /* RealmSwift */ = {
			isa = XCSwiftPackageProductDependency;
			package = BEA9FB5A2AA9C86900766CDA /* XCRemoteSwiftPackageReference "realm-swift" */;
			productName = RealmSwift;
		};
		BEA9FB652AA9C87E00766CDA /* Alamofire */ = {
			isa = XCSwiftPackageProductDependency;
			package = BEA9FB642AA9C87E00766CDA /* XCRemoteSwiftPackageReference "Alamofire" */;
			productName = Alamofire;
		};
		BEA9FB6D2AA9CA3100766CDA /* SnapKit */ = {
			isa = XCSwiftPackageProductDependency;
			package = BEA9FB6C2AA9CA3100766CDA /* XCRemoteSwiftPackageReference "SnapKit" */;
			productName = SnapKit;
		};
/* End XCSwiftPackageProductDependency section */
	};
	rootObject = BEA9FB1A2AA9C29000766CDA /* Project object */;
}
